
Microsoft Visual Studio Solution File, Format Version 12.00
# Visual Studio 15
VisualStudioVersion = 15.0.27130.2027
MinimumVisualStudioVersion = 10.0.40219.1
Project("{2150E333-8FDC-42A3-9474-1A3956D46DE8}") = "src", "src", "{FD99DC60-3A98-4D99-9E71-8C8C2C81530D}"
EndProject
Project("{2150E333-8FDC-42A3-9474-1A3956D46DE8}") = "samples", "samples", "{5765D44C-2868-4875-B8FE-1D6FBE7C9730}"
EndProject
Project("{9A19103F-16F7-4668-BE54-9A1E7A4F7556}") = "Elmah.Io.Extensions.Logging.Website", "samples\Elmah.Io.Extensions.Logging.Website\Elmah.Io.Extensions.Logging.Website.csproj", "{FB7C0604-0BD2-4D76-9081-0063E53B20A2}"
EndProject
Project("{9A19103F-16F7-4668-BE54-9A1E7A4F7556}") = "Elmah.Io.Extensions.Logging", "src\Elmah.Io.Extensions.Logging\Elmah.Io.Extensions.Logging.csproj", "{99357B19-04B9-4FAC-8D3E-51E0CC880372}"
EndProject
Project("{2150E333-8FDC-42A3-9474-1A3956D46DE8}") = "Solution Items", "Solution Items", "{07AEF95F-8EDB-41B5-A581-ABFEFB8B305A}"
	ProjectSection(SolutionItems) = preProject
		appveyor.yml = appveyor.yml
		README.md = README.md
	EndProjectSection
EndProject
Project("{9A19103F-16F7-4668-BE54-9A1E7A4F7556}") = "Elmah.Io.Extensions.Logging.EntityFrameworkCore", "samples\Elmah.Io.Extensions.Logging.EntityFrameworkCore\Elmah.Io.Extensions.Logging.EntityFrameworkCore.csproj", "{990D27B4-C8D1-493F-9947-03C295C9FC10}"
EndProject
Project("{9A19103F-16F7-4668-BE54-9A1E7A4F7556}") = "Elmah.Io.Extensions.Logging.AspNetCore2", "samples\Elmah.Io.Extensions.Logging.AspNetCore2\Elmah.Io.Extensions.Logging.AspNetCore2.csproj", "{8DB0EAF6-B4D7-44F5-A6B5-6165AD2E285D}"
EndProject
Project("{9A19103F-16F7-4668-BE54-9A1E7A4F7556}") = "Elmah.Io.Extensions.Logging.ConsoleCore2", "samples\Elmah.Io.Extensions.Logging.ConsoleCore2\Elmah.Io.Extensions.Logging.ConsoleCore2.csproj", "{C8A8C275-2726-43C6-97A0-63C1CE8E3269}"
EndProject
Project("{9A19103F-16F7-4668-BE54-9A1E7A4F7556}") = "Elmah.Io.Extensions.LoggingAspNetCore2WithEfCore2", "samples\Elmah.Io.Extensions.LoggingAspNetCore2WithEfCore2\Elmah.Io.Extensions.LoggingAspNetCore2WithEfCore2.csproj", "{433D6D59-21AA-4D52-96B4-BC045E3CF6EC}"
EndProject
Project("{2150E333-8FDC-42A3-9474-1A3956D46DE8}") = "test", "test", "{0ECA6599-92E4-46B6-9ED4-C2C2028E3404}"
EndProject
Project("{FAE04EC0-301F-11D3-BF4B-00C04F79EFBC}") = "Elmah.Io.Extensions.Logging.Test", "test\Elmah.Io.Extensions.Logging.Test\Elmah.Io.Extensions.Logging.Test.csproj", "{BDDAF225-15D9-40C4-BE56-A31D182734B2}"
EndProject
Global
	GlobalSection(SolutionConfigurationPlatforms) = preSolution
		Debug|Any CPU = Debug|Any CPU
		Release|Any CPU = Release|Any CPU
	EndGlobalSection
	GlobalSection(ProjectConfigurationPlatforms) = postSolution
		{FB7C0604-0BD2-4D76-9081-0063E53B20A2}.Debug|Any CPU.ActiveCfg = Debug|Any CPU
		{FB7C0604-0BD2-4D76-9081-0063E53B20A2}.Debug|Any CPU.Build.0 = Debug|Any CPU
		{FB7C0604-0BD2-4D76-9081-0063E53B20A2}.Release|Any CPU.ActiveCfg = Release|Any CPU
		{FB7C0604-0BD2-4D76-9081-0063E53B20A2}.Release|Any CPU.Build.0 = Release|Any CPU
		{99357B19-04B9-4FAC-8D3E-51E0CC880372}.Debug|Any CPU.ActiveCfg = Debug|Any CPU
		{99357B19-04B9-4FAC-8D3E-51E0CC880372}.Debug|Any CPU.Build.0 = Debug|Any CPU
		{99357B19-04B9-4FAC-8D3E-51E0CC880372}.Release|Any CPU.ActiveCfg = Release|Any CPU
		{99357B19-04B9-4FAC-8D3E-51E0CC880372}.Release|Any CPU.Build.0 = Release|Any CPU
		{990D27B4-C8D1-493F-9947-03C295C9FC10}.Debug|Any CPU.ActiveCfg = Debug|Any CPU
		{990D27B4-C8D1-493F-9947-03C295C9FC10}.Debug|Any CPU.Build.0 = Debug|Any CPU
		{990D27B4-C8D1-493F-9947-03C295C9FC10}.Release|Any CPU.ActiveCfg = Release|Any CPU
		{990D27B4-C8D1-493F-9947-03C295C9FC10}.Release|Any CPU.Build.0 = Release|Any CPU
		{8DB0EAF6-B4D7-44F5-A6B5-6165AD2E285D}.Debug|Any CPU.ActiveCfg = Debug|Any CPU
		{8DB0EAF6-B4D7-44F5-A6B5-6165AD2E285D}.Debug|Any CPU.Build.0 = Debug|Any CPU
		{8DB0EAF6-B4D7-44F5-A6B5-6165AD2E285D}.Release|Any CPU.ActiveCfg = Release|Any CPU
		{8DB0EAF6-B4D7-44F5-A6B5-6165AD2E285D}.Release|Any CPU.Build.0 = Release|Any CPU
		{C8A8C275-2726-43C6-97A0-63C1CE8E3269}.Debug|Any CPU.ActiveCfg = Debug|Any CPU
		{C8A8C275-2726-43C6-97A0-63C1CE8E3269}.Debug|Any CPU.Build.0 = Debug|Any CPU
		{C8A8C275-2726-43C6-97A0-63C1CE8E3269}.Release|Any CPU.ActiveCfg = Release|Any CPU
		{C8A8C275-2726-43C6-97A0-63C1CE8E3269}.Release|Any CPU.Build.0 = Release|Any CPU
		{433D6D59-21AA-4D52-96B4-BC045E3CF6EC}.Debug|Any CPU.ActiveCfg = Debug|Any CPU
		{433D6D59-21AA-4D52-96B4-BC045E3CF6EC}.Debug|Any CPU.Build.0 = Debug|Any CPU
		{433D6D59-21AA-4D52-96B4-BC045E3CF6EC}.Release|Any CPU.ActiveCfg = Release|Any CPU
		{433D6D59-21AA-4D52-96B4-BC045E3CF6EC}.Release|Any CPU.Build.0 = Release|Any CPU
		{BDDAF225-15D9-40C4-BE56-A31D182734B2}.Debug|Any CPU.ActiveCfg = Debug|Any CPU
		{BDDAF225-15D9-40C4-BE56-A31D182734B2}.Debug|Any CPU.Build.0 = Debug|Any CPU
		{BDDAF225-15D9-40C4-BE56-A31D182734B2}.Release|Any CPU.ActiveCfg = Release|Any CPU
		{BDDAF225-15D9-40C4-BE56-A31D182734B2}.Release|Any CPU.Build.0 = Release|Any CPU
	EndGlobalSection
	GlobalSection(SolutionProperties) = preSolution
		HideSolutionNode = FALSE
	EndGlobalSection
	GlobalSection(NestedProjects) = preSolution
		{FB7C0604-0BD2-4D76-9081-0063E53B20A2} = {5765D44C-2868-4875-B8FE-1D6FBE7C9730}
		{99357B19-04B9-4FAC-8D3E-51E0CC880372} = {FD99DC60-3A98-4D99-9E71-8C8C2C81530D}
		{990D27B4-C8D1-493F-9947-03C295C9FC10} = {5765D44C-2868-4875-B8FE-1D6FBE7C9730}
		{8DB0EAF6-B4D7-44F5-A6B5-6165AD2E285D} = {5765D44C-2868-4875-B8FE-1D6FBE7C9730}
		{C8A8C275-2726-43C6-97A0-63C1CE8E3269} = {5765D44C-2868-4875-B8FE-1D6FBE7C9730}
		{433D6D59-21AA-4D52-96B4-BC045E3CF6EC} = {5765D44C-2868-4875-B8FE-1D6FBE7C9730}
		{BDDAF225-15D9-40C4-BE56-A31D182734B2} = {0ECA6599-92E4-46B6-9ED4-C2C2028E3404}
	EndGlobalSection
	GlobalSection(ExtensibilityGlobals) = postSolution
		SolutionGuid = {77575286-A290-4053-8F11-8CACBFFE7B9B}
	EndGlobalSection
EndGlobal
